// !$*UTF8*$!
{
	archiveVersion = 1;
	classes = {
	};
	objectVersion = 56;
	objects = {

/* Begin PBXBuildFile section */
		A10000000000000100000001 /* TopoRoomApp.swift in Sources */ = {isa = PBXBuildFile; fileRef = A20000000000000100000001 /* TopoRoomApp.swift */; };
		A10000000000000100000002 /* GuideRootView.swift in Sources */ = {isa = PBXBuildFile; fileRef = A20000000000000100000002 /* GuideRootView.swift */; };
		A10000000000000100000003 /* GuideModel.swift in Sources */ = {isa = PBXBuildFile; fileRef = A20000000000000100000003 /* GuideModel.swift */; };
		A10000000000000100000004 /* TopoRoomCore.swift in Sources */ = {isa = PBXBuildFile; fileRef = A20000000000000100000004 /* TopoRoomCore.swift */; };
		A10000000000000100000005 /* TopoRoomCore.mm in Sources */ = {isa = PBXBuildFile; fileRef = A20000000000000100000005 /* TopoRoomCore.mm */; };
		A10000000000000100000006 /* Assets.xcassets in Resources */ = {isa = PBXBuildFile; fileRef = A20000000000000100000006 /* Assets.xcassets */; };
		A10000000000000100000007 /* libc++.tbd in Frameworks */ = {isa = PBXBuildFile; fileRef = A20000000000000100000007 /* libc++.tbd */; };
/* End PBXBuildFile section */

/* Begin PBXFileReference section */
		A20000000000000100000001 /* TopoRoomApp.swift */ = {isa = PBXFileReference; lastKnownFileType = sourcecode.swift; path = TopoRoomApp.swift; sourceTree = "<group>"; };
		A20000000000000100000002 /* GuideRootView.swift */ = {isa = PBXFileReference; lastKnownFileType = sourcecode.swift; path = GuideRootView.swift; sourceTree = "<group>"; };
		A20000000000000100000003 /* GuideModel.swift */ = {isa = PBXFileReference; lastKnownFileType = sourcecode.swift; path = GuideModel.swift; sourceTree = "<group>"; };
		A20000000000000100000004 /* TopoRoomCore.swift */ = {isa = PBXFileReference; lastKnownFileType = sourcecode.swift; name = TopoRoomCore.swift; path = ../TopoRoomCore/TopoRoomCore.swift; sourceTree = "<group>"; };
		A20000000000000100000005 /* TopoRoomCore.mm */ = {isa = PBXFileReference; lastKnownFileType = sourcecode.cpp.objcpp; name = TopoRoomCore.mm; path = ../TopoRoomCore/TopoRoomCore.mm; sourceTree = "<group>"; };
		A20000000000000100000006 /* Assets.xcassets */ = {isa = PBXFileReference; lastKnownFileType = folder.assetcatalog; path = Assets.xcassets; sourceTree = "<group>"; };
		A20000000000000100000007 /* libc++.tbd */ = {isa = PBXFileReference; lastKnownFileType = "sourcecode.text-based-dylib-definition"; name = "libc++.tbd"; path = "usr/lib/libc++.tbd"; sourceTree = SDKROOT; };
		A20000000000000100000008 /* TopoRoomCore.h */ = {isa = PBXFileReference; lastKnownFileType = sourcecode.c.h; name = TopoRoomCore.h; path = ../TopoRoomCore/TopoRoomCore.h; sourceTree = "<group>"; };
		A20000000000000100000009 /* TopoRoom-Bridging-Header.h */ = {isa = PBXFileReference; lastKnownFileType = sourcecode.c.h; path = "TopoRoom-Bridging-Header.h"; sourceTree = "<group>"; };
		A2000000000000010000000A /* Info.plist */ = {isa = PBXFileReference; lastKnownFileType = text.plist.xml; path = Info.plist; sourceTree = "<group>"; };
		A2000000000000010000000B /* TopoRoom.app */ = {isa = PBXFileReference; explicitFileType = wrapper.application; includeInIndex = 0; path = TopoRoom.app; sourceTree = BUILT_PRODUCTS_DIR; };
/* End PBXFileReference section */

/* Begin PBXFrameworksBuildPhase section */
		A30000000000000100000001 /* Frameworks */ = {
			isa = PBXFrameworksBuildPhase;
			buildActionMask = 2147483647;
			files = (
				A10000000000000100000007 /* libc++.tbd in Frameworks */,
			);
			runOnlyForDeploymentPostprocessing = 0;
		};
/* End PBXFrameworksBuildPhase section */

/* Begin PBXGroup section */
		A40000000000000100000001 = {
			isa = PBXGroup;
			children = (
				A40000000000000100000002 /* TopoRoom */,
				A40000000000000100000003 /* Products */,
			);
			sourceTree = "<group>";
		};
		A40000000000000100000002 /* TopoRoom */ = {
			isa = PBXGroup;
			children = (
				A20000000000000100000001 /* TopoRoomApp.swift */,
				A20000000000000100000002 /* GuideRootView.swift */,
				A20000000000000100000003 /* GuideModel.swift */,
				A20000000000000100000004 /* TopoRoomCore.swift */,
				A20000000000000100000005 /* TopoRoomCore.mm */,
				A20000000000000100000008 /* TopoRoomCore.h */,
				A20000000000000100000009 /* TopoRoom-Bridging-Header.h */,
				A2000000000000010000000A /* Info.plist */,
				A20000000000000100000006 /* Assets.xcassets */,
			);
			path = TopoRoom;
			sourceTree = "<group>";
		};
		A40000000000000100000003 /* Products */ = {
			isa = PBXGroup;
			children = (
				A2000000000000010000000B /* TopoRoom.app */,
			);
			name = Products;
			sourceTree = "<group>";
		};
/* End PBXGroup section */

/* Begin PBXNativeTarget section */
		A50000000000000100000001 /* TopoRoom */ = {
			isa = PBXNativeTarget;
			buildConfigurationList = A70000000000000100000002 /* Build configuration list for PBXNativeTarget "TopoRoom" */;
			buildPhases = (
				A60000000000000100000001 /* Sources */,
				A30000000000000100000001 /* Frameworks */,
				A60000000000000100000002 /* Resources */,
			);
			buildRules = (
			);
			dependencies = (
			);
			name = TopoRoom;
			productName = TopoRoom;
			productReference = A2000000000000010000000B /* TopoRoom.app */;
			productType = "com.apple.product-type.application";
		};
/* End PBXNativeTarget section */

/* Begin PBXProject section */
		A80000000000000100000001 /* Project object */ = {
			isa = PBXProject;
			attributes = {
				BuildIndependentTargetsInParallel = 1;
				LastSwiftUpdateCheck = 1500;
				LastUpgradeCheck = 1500;
				TargetAttributes = {
					A50000000000000100000001 = {
						CreatedOnToolsVersion = 15.0;
					};
				};
			};
			buildConfigurationList = A70000000000000100000001 /* Build configuration list for PBXProject "TopoRoom" */;
			compatibilityVersion = "Xcode 14.0";
			developmentRegion = en;
			hasScannedForEncodings = 0;
			knownRegions = (
				en,
				Base,
			);
			mainGroup = A40000000000000100000001;
			productRefGroup = A40000000000000100000003 /* Products */;
			projectDirPath = "";
			projectRoot = "";
			targets = (
				A50000000000000100000001 /* TopoRoom */,
			);
		};
/* End PBXProject section */

/* Begin PBXResourcesBuildPhase section */
		A60000000000000100000002 /* Resources */ = {
			isa = PBXResourcesBuildPhase;
			buildActionMask = 2147483647;
			files = (
				A10000000000000100000006 /* Assets.xcassets in Resources */,
			);
			runOnlyForDeploymentPostprocessing = 0;
		};
/* End PBXResourcesBuildPhase section */

/* Begin PBXSourcesBuildPhase section */
		A60000000000000100000001 /* Sources */ = {
			isa = PBXSourcesBuildPhase;
			buildActionMask = 2147483647;
			files = (
				A10000000000000100000001 /* TopoRoomApp.swift in Sources */,
				A10000000000000100000002 /* GuideRootView.swift in Sources */,
				A10000000000000100000003 /* GuideModel.swift in Sources */,
				A10000000000000100000004 /* TopoRoomCore.swift in Sources */,
				A10000000000000100000005 /* TopoRoomCore.mm in Sources */,
			);
			runOnlyForDeploymentPostprocessing = 0;
		};
/* End PBXSourcesBuildPhase section */

/* Begin XCBuildConfiguration section */
		A90000000000000100000001 /* Debug */ = {
			isa = XCBuildConfiguration;
			buildSettings = {
				ALWAYS_SEARCH_USER_PATHS = NO;
				CLANG_CXX_LANGUAGE_STANDARD = "c++20";
				CLANG_ENABLE_MODULES = YES;
				CLANG_ENABLE_OBJC_ARC = YES;
				COPY_PHASE_STRIP = NO;
				DEBUG_INFORMATION_FORMAT = dwarf;
				ENABLE_TESTABILITY = YES;
				GCC_DYNAMIC_NO_PIC = NO;
				GCC_OPTIMIZATION_LEVEL = 0;
				IPHONEOS_DEPLOYMENT_TARGET = 16.0;
				MTL_ENABLE_DEBUG_INFO = INCLUDE_SOURCE;
				ONLY_ACTIVE_ARCH = YES;
				SDKROOT = iphoneos;
				SWIFT_ACTIVE_COMPILATION_CONDITIONS = DEBUG;
				SWIFT_OPTIMIZATION_LEVEL = "-Onone";
			};
			name = Debug;
		};
		A90000000000000100000002 /* Release */ = {
			isa = XCBuildConfiguration;
			buildSettings = {
				ALWAYS_SEARCH_USER_PATHS = NO;
				CLANG_CXX_LANGUAGE_STANDARD = "c++20";
				CLANG_ENABLE_MODULES = YES;
				CLANG_ENABLE_OBJC_ARC = YES;
				COPY_PHASE_STRIP = NO;
				DEBUG_INFORMATION_FORMAT = "dwarf-with-dsym";
				GCC_OPTIMIZATION_LEVEL = s;
				IPHONEOS_DEPLOYMENT_TARGET = 16.0;
				MTL_ENABLE_DEBUG_INFO = NO;
				SDKROOT = iphoneos;
				SWIFT_COMPILATION_MODE = wholemodule;
				VALIDATE_PRODUCT = YES;
			};
			name = Release;
		};
		A90000000000000100000003 /* Debug */ = {
			isa = XCBuildConfiguration;
			buildSettings = {
				ASSETCATALOG_COMPILER_APPICON_NAME = AppIcon;
				CLANG_CXX_LANGUAGE_STANDARD = "c++20";
				CODE_SIGN_STYLE = Automatic;
				CURRENT_PROJECT_VERSION = 1;
				GENERATE_INFOPLIST_FILE = NO;
				HEADER_SEARCH_PATHS = (
					"$(SRCROOT)/../../core/include",
					"$(SRCROOT)/TopoRoomCore",
				);
				INFOPLIST_FILE = TopoRoom/Info.plist;
				IPHONEOS_DEPLOYMENT_TARGET = 16.0;
				LD_RUNPATH_SEARCH_PATHS = (
					"$(inherited)",
					"@executable_path/Frameworks",
				);
				LIBRARY_SEARCH_PATHS = (
					"$(SRCROOT)/../../build/core",
					"$(SRCROOT)/../../build",
				);
				MARKETING_VERSION = 0.1.0;
				OTHER_LDFLAGS = (
					"-ltoporoom_core",
					"-lc++",
				);
				PRODUCT_BUNDLE_IDENTIFIER = com.toporoom.app;
				PRODUCT_NAME = "$(TARGET_NAME)";
				SWIFT_EMIT_LOC_STRINGS = YES;
				SWIFT_OBJC_BRIDGING_HEADER = "TopoRoom/TopoRoom-Bridging-Header.h";
				SWIFT_VERSION = 5.0;
				TARGETED_DEVICE_FAMILY = "1,2";
			};
			name = Debug;
		};
		A90000000000000100000004 /* Release */ = {
			isa = XCBuildConfiguration;
			buildSettings = {
				ASSETCATALOG_COMPILER_APPICON_NAME = AppIcon;
				CLANG_CXX_LANGUAGE_STANDARD = "c++20";
				CODE_SIGN_STYLE = Automatic;
				CURRENT_PROJECT_VERSION = 1;
				GENERATE_INFOPLIST_FILE = NO;
				HEADER_SEARCH_PATHS = (
					"$(SRCROOT)/../../core/include",
					"$(SRCROOT)/TopoRoomCore",
				);
				INFOPLIST_FILE = TopoRoom/Info.plist;
				IPHONEOS_DEPLOYMENT_TARGET = 16.0;
				LD_RUNPATH_SEARCH_PATHS = (
					"$(inherited)",
					"@executable_path/Frameworks",
				);
				LIBRARY_SEARCH_PATHS = (
					"$(SRCROOT)/../../build/core",
					"$(SRCROOT)/../../build",
				);
				MARKETING_VERSION = 0.1.0;
				OTHER_LDFLAGS = (
					"-ltoporoom_core",
					"-lc++",
				);
				PRODUCT_BUNDLE_IDENTIFIER = com.toporoom.app;
				PRODUCT_NAME = "$(TARGET_NAME)";
				SWIFT_EMIT_LOC_STRINGS = YES;
				SWIFT_OBJC_BRIDGING_HEADER = "TopoRoom/TopoRoom-Bridging-Header.h";
				SWIFT_VERSION = 5.0;
				TARGETED_DEVICE_FAMILY = "1,2";
			};
			name = Release;
		};
/* End XCBuildConfiguration section */

/* Begin XCConfigurationList section */
		A70000000000000100000001 /* Build configuration list for PBXProject "TopoRoom" */ = {
			isa = XCConfigurationList;
			buildConfigurations = (
				A90000000000000100000001 /* Debug */,
				A90000000000000100000002 /* Release */,
			);
			defaultConfigurationIsVisible = 0;
			defaultConfigurationName = Release;
		};
		A70000000000000100000002 /* Build configuration list for PBXNativeTarget "TopoRoom" */ = {
			isa = XCConfigurationList;
			buildConfigurations = (
				A90000000000000100000003 /* Debug */,
				A90000000000000100000004 /* Release */,
			);
			defaultConfigurationIsVisible = 0;
			defaultConfigurationName = Release;
		};
/* End XCConfigurationList section */
	};
	rootObject = A80000000000000100000001 /* Project object */;
}
